
Microsoft Visual Studio Solution File, Format Version 12.00
# Visual Studio Version 17
VisualStudioVersion = 17.10.35013.160
MinimumVisualStudioVersion = 10.0.40219.1
Project("{FAE04EC0-301F-11D3-BF4B-00C04F79EFBC}") = "WpfApphghjhvgnvgyfrte32334466y", "WpfApphghjhvgnvgyfrte32334466y\WpfApphghjhvgnvgyfrte32334466y.csproj", "{679E3C0A-24E5-4E48-8064-230A5CA90267}"
EndProject
Global
	GlobalSection(SolutionConfigurationPlatforms) = preSolution
		Debug|Any CPU = Debug|Any CPU
		Release|Any CPU = Release|Any CPU
	EndGlobalSection
	GlobalSection(ProjectConfigurationPlatforms) = postSolution
		{679E3C0A-24E5-4E48-8064-230A5CA90267}.Debug|Any CPU.ActiveCfg = Debug|Any CPU
		{679E3C0A-24E5-4E48-8064-230A5CA90267}.Debug|Any CPU.Build.0 = Debug|Any CPU
		{679E3C0A-24E5-4E48-8064-230A5CA90267}.Release|Any CPU.ActiveCfg = Release|Any CPU
		{679E3C0A-24E5-4E48-8064-230A5CA90267}.Release|Any CPU.Build.0 = Release|Any CPU
	EndGlobalSection
	GlobalSection(SolutionProperties) = preSolution
		HideSolutionNode = FALSE
	EndGlobalSection
	GlobalSection(ExtensibilityGlobals) = postSolution
		SolutionGuid = {9BDA185C-856D-40A2-A01D-44C596D427B2}
	EndGlobalSection
EndGlobal
